
Microsoft Visual Studio Solution File, Format Version 12.00
# Visual Studio Version 17
VisualStudioVersion = 17.2.32616.157
MinimumVisualStudioVersion = 10.0.40219.1
Project("{2150E333-8FDC-42A3-9474-1A3956D46DE8}") = "src", "src", "{8F0B2671-2F85-4DE5-A451-915A2666D429}"
EndProject
Project("{2150E333-8FDC-42A3-9474-1A3956D46DE8}") = "test", "test", "{8128709D-6CD3-4B1D-B32F-EA0631DED46E}"
EndProject
Project("{9A19103F-16F7-4668-BE54-9A1E7A4F7556}") = "Ks.Core", "src\Ks.Core\Ks.Core.csproj", "{F533FFA5-7802-4CD2-9D90-B13C6E304FFA}"
EndProject
Project("{9A19103F-16F7-4668-BE54-9A1E7A4F7556}") = "Ks.Core.Test", "test\Ks.Core.Test\Ks.Core.Test.csproj", "{A6BF7E0C-4BAB-4D4D-8B9D-3B1273FE89B3}"
EndProject
Project("{2150E333-8FDC-42A3-9474-1A3956D46DE8}") = "exp", "exp", "{CD229DFC-69E0-4023-82EF-464767ED2EDF}"
EndProject
Project("{9A19103F-16F7-4668-BE54-9A1E7A4F7556}") = "Ks.Exp.Wino", "exp\Ks.Exp.Wino\Ks.Exp.Wino.csproj", "{BF83F35C-3BDE-43F5-8B47-0069D24E84E3}"
EndProject
Project("{2150E333-8FDC-42A3-9474-1A3956D46DE8}") = "Solution Items", "Solution Items", "{30EE92EC-B710-408F-8F0D-D8965B2F357A}"
	ProjectSection(SolutionItems) = preProject
		.editorconfig = .editorconfig
	EndProjectSection
EndProject
Project("{9A19103F-16F7-4668-BE54-9A1E7A4F7556}") = "Ks.Exp.AutoMapper", "exp\Ks.Exp.AutoMapper\Ks.Exp.AutoMapper.csproj", "{48A5EC91-EE18-4CCB-9AA5-F6587A3A7482}"
EndProject
Project("{9A19103F-16F7-4668-BE54-9A1E7A4F7556}") = "Ks.Exp.StructLayout", "exp\Ks.Exp.StructLayout\Ks.Exp.StructLayout.csproj", "{AC5EA4E6-AE8B-461A-AE99-4D01C7DEC8BF}"
EndProject
Global
	GlobalSection(SolutionConfigurationPlatforms) = preSolution
		Debug|Any CPU = Debug|Any CPU
		Release|Any CPU = Release|Any CPU
	EndGlobalSection
	GlobalSection(ProjectConfigurationPlatforms) = postSolution
		{F533FFA5-7802-4CD2-9D90-B13C6E304FFA}.Debug|Any CPU.ActiveCfg = Debug|Any CPU
		{F533FFA5-7802-4CD2-9D90-B13C6E304FFA}.Debug|Any CPU.Build.0 = Debug|Any CPU
		{F533FFA5-7802-4CD2-9D90-B13C6E304FFA}.Release|Any CPU.ActiveCfg = Release|Any CPU
		{F533FFA5-7802-4CD2-9D90-B13C6E304FFA}.Release|Any CPU.Build.0 = Release|Any CPU
		{A6BF7E0C-4BAB-4D4D-8B9D-3B1273FE89B3}.Debug|Any CPU.ActiveCfg = Debug|Any CPU
		{A6BF7E0C-4BAB-4D4D-8B9D-3B1273FE89B3}.Debug|Any CPU.Build.0 = Debug|Any CPU
		{A6BF7E0C-4BAB-4D4D-8B9D-3B1273FE89B3}.Release|Any CPU.ActiveCfg = Release|Any CPU
		{A6BF7E0C-4BAB-4D4D-8B9D-3B1273FE89B3}.Release|Any CPU.Build.0 = Release|Any CPU
		{BF83F35C-3BDE-43F5-8B47-0069D24E84E3}.Debug|Any CPU.ActiveCfg = Debug|Any CPU
		{BF83F35C-3BDE-43F5-8B47-0069D24E84E3}.Debug|Any CPU.Build.0 = Debug|Any CPU
		{BF83F35C-3BDE-43F5-8B47-0069D24E84E3}.Release|Any CPU.ActiveCfg = Release|Any CPU
		{BF83F35C-3BDE-43F5-8B47-0069D24E84E3}.Release|Any CPU.Build.0 = Release|Any CPU
		{48A5EC91-EE18-4CCB-9AA5-F6587A3A7482}.Debug|Any CPU.ActiveCfg = Debug|Any CPU
		{48A5EC91-EE18-4CCB-9AA5-F6587A3A7482}.Debug|Any CPU.Build.0 = Debug|Any CPU
		{48A5EC91-EE18-4CCB-9AA5-F6587A3A7482}.Release|Any CPU.ActiveCfg = Release|Any CPU
		{48A5EC91-EE18-4CCB-9AA5-F6587A3A7482}.Release|Any CPU.Build.0 = Release|Any CPU
		{AC5EA4E6-AE8B-461A-AE99-4D01C7DEC8BF}.Debug|Any CPU.ActiveCfg = Debug|Any CPU
		{AC5EA4E6-AE8B-461A-AE99-4D01C7DEC8BF}.Debug|Any CPU.Build.0 = Debug|Any CPU
		{AC5EA4E6-AE8B-461A-AE99-4D01C7DEC8BF}.Release|Any CPU.ActiveCfg = Release|Any CPU
		{AC5EA4E6-AE8B-461A-AE99-4D01C7DEC8BF}.Release|Any CPU.Build.0 = Release|Any CPU
	EndGlobalSection
	GlobalSection(SolutionProperties) = preSolution
		HideSolutionNode = FALSE
	EndGlobalSection
	GlobalSection(NestedProjects) = preSolution
		{F533FFA5-7802-4CD2-9D90-B13C6E304FFA} = {8F0B2671-2F85-4DE5-A451-915A2666D429}
		{A6BF7E0C-4BAB-4D4D-8B9D-3B1273FE89B3} = {8128709D-6CD3-4B1D-B32F-EA0631DED46E}
		{BF83F35C-3BDE-43F5-8B47-0069D24E84E3} = {CD229DFC-69E0-4023-82EF-464767ED2EDF}
		{48A5EC91-EE18-4CCB-9AA5-F6587A3A7482} = {CD229DFC-69E0-4023-82EF-464767ED2EDF}
		{AC5EA4E6-AE8B-461A-AE99-4D01C7DEC8BF} = {CD229DFC-69E0-4023-82EF-464767ED2EDF}
	EndGlobalSection
	GlobalSection(ExtensibilityGlobals) = postSolution
		SolutionGuid = {EB930BCA-24AB-4193-B984-09129602ADD8}
	EndGlobalSection
EndGlobal
