
Microsoft Visual Studio Solution File, Format Version 12.00
# Visual Studio Version 17
VisualStudioVersion = 17.2.32616.157
MinimumVisualStudioVersion = 10.0.40219.1
Project("{2150E333-8FDC-42A3-9474-1A3956D46DE8}") = "src", "src", "{8F0B2671-2F85-4DE5-A451-915A2666D429}"
EndProject
Project("{2150E333-8FDC-42A3-9474-1A3956D46DE8}") = "test", "test", "{8128709D-6CD3-4B1D-B32F-EA0631DED46E}"
EndProject
Project("{9A19103F-16F7-4668-BE54-9A1E7A4F7556}") = "Ks.Core", "src\Ks.Core\Ks.Core.csproj", "{F533FFA5-7802-4CD2-9D90-B13C6E304FFA}"
EndProject
Project("{9A19103F-16F7-4668-BE54-9A1E7A4F7556}") = "Ks.Core.Test", "test\Ks.Core.Test\Ks.Core.Test.csproj", "{A6BF7E0C-4BAB-4D4D-8B9D-3B1273FE89B3}"
EndProject
Project("{2150E333-8FDC-42A3-9474-1A3956D46DE8}") = "exp", "exp", "{CD229DFC-69E0-4023-82EF-464767ED2EDF}"
EndProject
Project("{9A19103F-16F7-4668-BE54-9A1E7A4F7556}") = "Ks.Exp.Wino", "exp\Ks.Exp.Wino\Ks.Exp.Wino.csproj", "{BF83F35C-3BDE-43F5-8B47-0069D24E84E3}"
EndProject
Project("{2150E333-8FDC-42A3-9474-1A3956D46DE8}") = "Solution Items", "Solution Items", "{30EE92EC-B710-408F-8F0D-D8965B2F357A}"
	ProjectSection(SolutionItems) = preProject
		.editorconfig = .editorconfig
	EndProjectSection
EndProject
Project("{9A19103F-16F7-4668-BE54-9A1E7A4F7556}") = "Ks.Exp.AutoMapper", "exp\Ks.Exp.AutoMapper\Ks.Exp.AutoMapper.csproj", "{48A5EC91-EE18-4CCB-9AA5-F6587A3A7482}"
EndProject
Project("{9A19103F-16F7-4668-BE54-9A1E7A4F7556}") = "Ks.Exp.StructLayout", "exp\Ks.Exp.StructLayout\Ks.Exp.StructLayout.csproj", "{AC5EA4E6-AE8B-461A-AE99-4D01C7DEC8BF}"
EndProject
Project("{2150E333-8FDC-42A3-9474-1A3956D46DE8}") = "blazor", "blazor", "{D754E805-09C3-4EEC-B496-8583C9A90A76}"
EndProject
Project("{9A19103F-16F7-4668-BE54-9A1E7A4F7556}") = "Ks.Exp.BlazorAuto", "exp\blazor\Ks.Exp.BlazorAuto\Ks.Exp.BlazorAuto.csproj", "{3FE55C18-512A-424E-9292-05EBF0D0C371}"
EndProject
Project("{9A19103F-16F7-4668-BE54-9A1E7A4F7556}") = "Ks.Exp.BlazorAuto.Client", "exp\blazor\Ks.Exp.BlazorAuto.Client\Ks.Exp.BlazorAuto.Client.csproj", "{EBF99223-0B5F-44DA-848E-BAFF7EC9084E}"
EndProject
Project("{9A19103F-16F7-4668-BE54-9A1E7A4F7556}") = "Ks.Exp.BlazorAntdPro.Client", "exp\blazor\Ks.Exp.BlazorAntdPro.Client\Ks.Exp.BlazorAntdPro.Client.csproj", "{66435D5E-83F1-4E18-828E-3C8106A9A46E}"
EndProject
Project("{9A19103F-16F7-4668-BE54-9A1E7A4F7556}") = "Ks.Exp.BlazorAntdPro.Server", "exp\blazor\Ks.Exp.BlazorAntdPro.Server\Ks.Exp.BlazorAntdPro.Server.csproj", "{2755C049-8D13-4C0E-B4A2-63614872552C}"
EndProject
Project("{9A19103F-16F7-4668-BE54-9A1E7A4F7556}") = "Ks.Exp.BlazorMasa", "exp\blazor\Ks.Exp.BlazorMasa\Ks.Exp.BlazorMasa.csproj", "{7A020727-CE93-4F98-9FF3-1620FE733749}"
EndProject
Project("{9A19103F-16F7-4668-BE54-9A1E7A4F7556}") = "Ks.Exp.BlazorMasa.Client", "exp\blazor\Ks.Exp.BlazorMasa.Client\Ks.Exp.BlazorMasa.Client.csproj", "{680C86CF-544D-4F2E-A066-ADA05A2138D7}"
EndProject
Project("{9A19103F-16F7-4668-BE54-9A1E7A4F7556}") = "Ks.Exp.BlazorHtmlRenderer", "exp\blazor\Ks.Exp.BlazorHtmlRenderer\Ks.Exp.BlazorHtmlRenderer.csproj", "{6587CDB8-A159-47E3-BF93-01591482D5D4}"
EndProject
Global
	GlobalSection(SolutionConfigurationPlatforms) = preSolution
		Debug|Any CPU = Debug|Any CPU
		Release|Any CPU = Release|Any CPU
	EndGlobalSection
	GlobalSection(ProjectConfigurationPlatforms) = postSolution
		{F533FFA5-7802-4CD2-9D90-B13C6E304FFA}.Debug|Any CPU.ActiveCfg = Debug|Any CPU
		{F533FFA5-7802-4CD2-9D90-B13C6E304FFA}.Debug|Any CPU.Build.0 = Debug|Any CPU
		{F533FFA5-7802-4CD2-9D90-B13C6E304FFA}.Release|Any CPU.ActiveCfg = Release|Any CPU
		{F533FFA5-7802-4CD2-9D90-B13C6E304FFA}.Release|Any CPU.Build.0 = Release|Any CPU
		{A6BF7E0C-4BAB-4D4D-8B9D-3B1273FE89B3}.Debug|Any CPU.ActiveCfg = Debug|Any CPU
		{A6BF7E0C-4BAB-4D4D-8B9D-3B1273FE89B3}.Debug|Any CPU.Build.0 = Debug|Any CPU
		{A6BF7E0C-4BAB-4D4D-8B9D-3B1273FE89B3}.Release|Any CPU.ActiveCfg = Release|Any CPU
		{A6BF7E0C-4BAB-4D4D-8B9D-3B1273FE89B3}.Release|Any CPU.Build.0 = Release|Any CPU
		{BF83F35C-3BDE-43F5-8B47-0069D24E84E3}.Debug|Any CPU.ActiveCfg = Debug|Any CPU
		{BF83F35C-3BDE-43F5-8B47-0069D24E84E3}.Debug|Any CPU.Build.0 = Debug|Any CPU
		{BF83F35C-3BDE-43F5-8B47-0069D24E84E3}.Release|Any CPU.ActiveCfg = Release|Any CPU
		{BF83F35C-3BDE-43F5-8B47-0069D24E84E3}.Release|Any CPU.Build.0 = Release|Any CPU
		{48A5EC91-EE18-4CCB-9AA5-F6587A3A7482}.Debug|Any CPU.ActiveCfg = Debug|Any CPU
		{48A5EC91-EE18-4CCB-9AA5-F6587A3A7482}.Debug|Any CPU.Build.0 = Debug|Any CPU
		{48A5EC91-EE18-4CCB-9AA5-F6587A3A7482}.Release|Any CPU.ActiveCfg = Release|Any CPU
		{48A5EC91-EE18-4CCB-9AA5-F6587A3A7482}.Release|Any CPU.Build.0 = Release|Any CPU
		{AC5EA4E6-AE8B-461A-AE99-4D01C7DEC8BF}.Debug|Any CPU.ActiveCfg = Debug|Any CPU
		{AC5EA4E6-AE8B-461A-AE99-4D01C7DEC8BF}.Debug|Any CPU.Build.0 = Debug|Any CPU
		{AC5EA4E6-AE8B-461A-AE99-4D01C7DEC8BF}.Release|Any CPU.ActiveCfg = Release|Any CPU
		{AC5EA4E6-AE8B-461A-AE99-4D01C7DEC8BF}.Release|Any CPU.Build.0 = Release|Any CPU
		{3FE55C18-512A-424E-9292-05EBF0D0C371}.Debug|Any CPU.ActiveCfg = Debug|Any CPU
		{3FE55C18-512A-424E-9292-05EBF0D0C371}.Debug|Any CPU.Build.0 = Debug|Any CPU
		{3FE55C18-512A-424E-9292-05EBF0D0C371}.Release|Any CPU.ActiveCfg = Release|Any CPU
		{3FE55C18-512A-424E-9292-05EBF0D0C371}.Release|Any CPU.Build.0 = Release|Any CPU
		{EBF99223-0B5F-44DA-848E-BAFF7EC9084E}.Debug|Any CPU.ActiveCfg = Debug|Any CPU
		{EBF99223-0B5F-44DA-848E-BAFF7EC9084E}.Debug|Any CPU.Build.0 = Debug|Any CPU
		{EBF99223-0B5F-44DA-848E-BAFF7EC9084E}.Release|Any CPU.ActiveCfg = Release|Any CPU
		{EBF99223-0B5F-44DA-848E-BAFF7EC9084E}.Release|Any CPU.Build.0 = Release|Any CPU
		{66435D5E-83F1-4E18-828E-3C8106A9A46E}.Debug|Any CPU.ActiveCfg = Debug|Any CPU
		{66435D5E-83F1-4E18-828E-3C8106A9A46E}.Debug|Any CPU.Build.0 = Debug|Any CPU
		{66435D5E-83F1-4E18-828E-3C8106A9A46E}.Release|Any CPU.ActiveCfg = Release|Any CPU
		{66435D5E-83F1-4E18-828E-3C8106A9A46E}.Release|Any CPU.Build.0 = Release|Any CPU
		{2755C049-8D13-4C0E-B4A2-63614872552C}.Debug|Any CPU.ActiveCfg = Debug|Any CPU
		{2755C049-8D13-4C0E-B4A2-63614872552C}.Debug|Any CPU.Build.0 = Debug|Any CPU
		{2755C049-8D13-4C0E-B4A2-63614872552C}.Release|Any CPU.ActiveCfg = Release|Any CPU
		{2755C049-8D13-4C0E-B4A2-63614872552C}.Release|Any CPU.Build.0 = Release|Any CPU
		{7A020727-CE93-4F98-9FF3-1620FE733749}.Debug|Any CPU.ActiveCfg = Debug|Any CPU
		{7A020727-CE93-4F98-9FF3-1620FE733749}.Debug|Any CPU.Build.0 = Debug|Any CPU
		{7A020727-CE93-4F98-9FF3-1620FE733749}.Release|Any CPU.ActiveCfg = Release|Any CPU
		{7A020727-CE93-4F98-9FF3-1620FE733749}.Release|Any CPU.Build.0 = Release|Any CPU
		{680C86CF-544D-4F2E-A066-ADA05A2138D7}.Debug|Any CPU.ActiveCfg = Debug|Any CPU
		{680C86CF-544D-4F2E-A066-ADA05A2138D7}.Debug|Any CPU.Build.0 = Debug|Any CPU
		{680C86CF-544D-4F2E-A066-ADA05A2138D7}.Release|Any CPU.ActiveCfg = Release|Any CPU
		{680C86CF-544D-4F2E-A066-ADA05A2138D7}.Release|Any CPU.Build.0 = Release|Any CPU
		{6587CDB8-A159-47E3-BF93-01591482D5D4}.Debug|Any CPU.ActiveCfg = Debug|Any CPU
		{6587CDB8-A159-47E3-BF93-01591482D5D4}.Debug|Any CPU.Build.0 = Debug|Any CPU
		{6587CDB8-A159-47E3-BF93-01591482D5D4}.Release|Any CPU.ActiveCfg = Release|Any CPU
		{6587CDB8-A159-47E3-BF93-01591482D5D4}.Release|Any CPU.Build.0 = Release|Any CPU
	EndGlobalSection
	GlobalSection(SolutionProperties) = preSolution
		HideSolutionNode = FALSE
	EndGlobalSection
	GlobalSection(NestedProjects) = preSolution
		{F533FFA5-7802-4CD2-9D90-B13C6E304FFA} = {8F0B2671-2F85-4DE5-A451-915A2666D429}
		{A6BF7E0C-4BAB-4D4D-8B9D-3B1273FE89B3} = {8128709D-6CD3-4B1D-B32F-EA0631DED46E}
		{BF83F35C-3BDE-43F5-8B47-0069D24E84E3} = {CD229DFC-69E0-4023-82EF-464767ED2EDF}
		{48A5EC91-EE18-4CCB-9AA5-F6587A3A7482} = {CD229DFC-69E0-4023-82EF-464767ED2EDF}
		{AC5EA4E6-AE8B-461A-AE99-4D01C7DEC8BF} = {CD229DFC-69E0-4023-82EF-464767ED2EDF}
		{D754E805-09C3-4EEC-B496-8583C9A90A76} = {CD229DFC-69E0-4023-82EF-464767ED2EDF}
		{3FE55C18-512A-424E-9292-05EBF0D0C371} = {D754E805-09C3-4EEC-B496-8583C9A90A76}
		{EBF99223-0B5F-44DA-848E-BAFF7EC9084E} = {D754E805-09C3-4EEC-B496-8583C9A90A76}
		{66435D5E-83F1-4E18-828E-3C8106A9A46E} = {D754E805-09C3-4EEC-B496-8583C9A90A76}
		{2755C049-8D13-4C0E-B4A2-63614872552C} = {D754E805-09C3-4EEC-B496-8583C9A90A76}
		{7A020727-CE93-4F98-9FF3-1620FE733749} = {D754E805-09C3-4EEC-B496-8583C9A90A76}
		{680C86CF-544D-4F2E-A066-ADA05A2138D7} = {D754E805-09C3-4EEC-B496-8583C9A90A76}
		{6587CDB8-A159-47E3-BF93-01591482D5D4} = {D754E805-09C3-4EEC-B496-8583C9A90A76}
	EndGlobalSection
	GlobalSection(ExtensibilityGlobals) = postSolution
		SolutionGuid = {EB930BCA-24AB-4193-B984-09129602ADD8}
	EndGlobalSection
EndGlobal
