
Microsoft Visual Studio Solution File, Format Version 12.00
# Visual Studio Version 17
VisualStudioVersion = 17.2.32616.157
MinimumVisualStudioVersion = 10.0.40219.1
Project("{2150E333-8FDC-42A3-9474-1A3956D46DE8}") = "src", "src", "{8F0B2671-2F85-4DE5-A451-915A2666D429}"
EndProject
Project("{2150E333-8FDC-42A3-9474-1A3956D46DE8}") = "test", "test", "{8128709D-6CD3-4B1D-B32F-EA0631DED46E}"
EndProject
Project("{9A19103F-16F7-4668-BE54-9A1E7A4F7556}") = "Ks.Core", "src\Ks.Core\Ks.Core.csproj", "{F533FFA5-7802-4CD2-9D90-B13C6E304FFA}"
EndProject
Project("{9A19103F-16F7-4668-BE54-9A1E7A4F7556}") = "Ks.Core.Test", "test\Ks.Core.Test\Ks.Core.Test.csproj", "{A6BF7E0C-4BAB-4D4D-8B9D-3B1273FE89B3}"
EndProject
Project("{2150E333-8FDC-42A3-9474-1A3956D46DE8}") = "exp", "exp", "{CD229DFC-69E0-4023-82EF-464767ED2EDF}"
EndProject
Project("{9A19103F-16F7-4668-BE54-9A1E7A4F7556}") = "Ks.Exp.Wino", "exp\Ks.Exp.Wino\Ks.Exp.Wino.csproj", "{BF83F35C-3BDE-43F5-8B47-0069D24E84E3}"
EndProject
Project("{2150E333-8FDC-42A3-9474-1A3956D46DE8}") = "Solution Items", "Solution Items", "{30EE92EC-B710-408F-8F0D-D8965B2F357A}"
	ProjectSection(SolutionItems) = preProject
		.editorconfig = .editorconfig
	EndProjectSection
EndProject
Project("{9A19103F-16F7-4668-BE54-9A1E7A4F7556}") = "Ks.Exp.AutoMapper", "exp\Ks.Exp.AutoMapper\Ks.Exp.AutoMapper.csproj", "{48A5EC91-EE18-4CCB-9AA5-F6587A3A7482}"
EndProject
Project("{9A19103F-16F7-4668-BE54-9A1E7A4F7556}") = "Ks.Net", "src\Ks.Net\Ks.Net.csproj", "{F36EB9E3-78F8-4703-B3BA-3882004E1A38}"
EndProject
Project("{9A19103F-16F7-4668-BE54-9A1E7A4F7556}") = "Ks.Net.Test", "test\Ks.Net.Test\Ks.Net.Test.csproj", "{C4A5F4AC-3A1B-4140-ABB7-F7E5E38724BE}"
EndProject
Project("{FAE04EC0-301F-11D3-BF4B-00C04F79EFBC}") = "Ks.Net.SocketServerSample", "exp\Ks.Net.SocketServerSample\Ks.Net.SocketServerSample.csproj", "{C2AF2E5E-19C0-4E58-9803-4DF2083F4080}"
EndProject
Project("{FAE04EC0-301F-11D3-BF4B-00C04F79EFBC}") = "Ks.Net.SocketClientSample", "exp\Ks.Net.SocketClientSample\Ks.Net.SocketClientSample.csproj", "{BCD1CE73-EC2F-49D6-AC82-2515609D5865}"
EndProject
Project("{2150E333-8FDC-42A3-9474-1A3956D46DE8}") = "bee", "bee", "{FE87F61E-95D5-4172-86F1-510D5A63036C}"
EndProject
Project("{FAE04EC0-301F-11D3-BF4B-00C04F79EFBC}") = "Ks.Bee", "bee\Ks.Bee\Ks.Bee.csproj", "{813B47A7-E6B6-4C89-B488-6E8E9A33A564}"
EndProject
Project("{FAE04EC0-301F-11D3-BF4B-00C04F79EFBC}") = "Ks.Bee.Base", "bee\Ks.Bee.Base\Ks.Bee.Base.csproj", "{3D2AA667-01C8-4636-AB1E-EAA78CD7C4CF}"
EndProject
Project("{FAE04EC0-301F-11D3-BF4B-00C04F79EFBC}") = "Ks.Bee.Plugin.First", "bee\Ks.Bee.Plugin.First\Ks.Bee.Plugin.First.csproj", "{86D7CD63-CA4A-4C5A-8834-7D9FA315A1EB}"
EndProject
Global
	GlobalSection(SolutionConfigurationPlatforms) = preSolution
		Debug|Any CPU = Debug|Any CPU
		Release|Any CPU = Release|Any CPU
	EndGlobalSection
	GlobalSection(ProjectConfigurationPlatforms) = postSolution
		{F533FFA5-7802-4CD2-9D90-B13C6E304FFA}.Debug|Any CPU.ActiveCfg = Debug|Any CPU
		{F533FFA5-7802-4CD2-9D90-B13C6E304FFA}.Debug|Any CPU.Build.0 = Debug|Any CPU
		{F533FFA5-7802-4CD2-9D90-B13C6E304FFA}.Release|Any CPU.ActiveCfg = Release|Any CPU
		{F533FFA5-7802-4CD2-9D90-B13C6E304FFA}.Release|Any CPU.Build.0 = Release|Any CPU
		{A6BF7E0C-4BAB-4D4D-8B9D-3B1273FE89B3}.Debug|Any CPU.ActiveCfg = Debug|Any CPU
		{A6BF7E0C-4BAB-4D4D-8B9D-3B1273FE89B3}.Debug|Any CPU.Build.0 = Debug|Any CPU
		{A6BF7E0C-4BAB-4D4D-8B9D-3B1273FE89B3}.Release|Any CPU.ActiveCfg = Release|Any CPU
		{A6BF7E0C-4BAB-4D4D-8B9D-3B1273FE89B3}.Release|Any CPU.Build.0 = Release|Any CPU
		{BF83F35C-3BDE-43F5-8B47-0069D24E84E3}.Debug|Any CPU.ActiveCfg = Debug|Any CPU
		{BF83F35C-3BDE-43F5-8B47-0069D24E84E3}.Debug|Any CPU.Build.0 = Debug|Any CPU
		{BF83F35C-3BDE-43F5-8B47-0069D24E84E3}.Release|Any CPU.ActiveCfg = Release|Any CPU
		{BF83F35C-3BDE-43F5-8B47-0069D24E84E3}.Release|Any CPU.Build.0 = Release|Any CPU
		{48A5EC91-EE18-4CCB-9AA5-F6587A3A7482}.Debug|Any CPU.ActiveCfg = Debug|Any CPU
		{48A5EC91-EE18-4CCB-9AA5-F6587A3A7482}.Debug|Any CPU.Build.0 = Debug|Any CPU
		{48A5EC91-EE18-4CCB-9AA5-F6587A3A7482}.Release|Any CPU.ActiveCfg = Release|Any CPU
		{48A5EC91-EE18-4CCB-9AA5-F6587A3A7482}.Release|Any CPU.Build.0 = Release|Any CPU
		{F36EB9E3-78F8-4703-B3BA-3882004E1A38}.Debug|Any CPU.ActiveCfg = Debug|Any CPU
		{F36EB9E3-78F8-4703-B3BA-3882004E1A38}.Debug|Any CPU.Build.0 = Debug|Any CPU
		{F36EB9E3-78F8-4703-B3BA-3882004E1A38}.Release|Any CPU.ActiveCfg = Release|Any CPU
		{F36EB9E3-78F8-4703-B3BA-3882004E1A38}.Release|Any CPU.Build.0 = Release|Any CPU
		{C4A5F4AC-3A1B-4140-ABB7-F7E5E38724BE}.Debug|Any CPU.ActiveCfg = Debug|Any CPU
		{C4A5F4AC-3A1B-4140-ABB7-F7E5E38724BE}.Debug|Any CPU.Build.0 = Debug|Any CPU
		{C4A5F4AC-3A1B-4140-ABB7-F7E5E38724BE}.Release|Any CPU.ActiveCfg = Release|Any CPU
		{C4A5F4AC-3A1B-4140-ABB7-F7E5E38724BE}.Release|Any CPU.Build.0 = Release|Any CPU
		{C2AF2E5E-19C0-4E58-9803-4DF2083F4080}.Debug|Any CPU.ActiveCfg = Debug|Any CPU
		{C2AF2E5E-19C0-4E58-9803-4DF2083F4080}.Debug|Any CPU.Build.0 = Debug|Any CPU
		{C2AF2E5E-19C0-4E58-9803-4DF2083F4080}.Release|Any CPU.ActiveCfg = Release|Any CPU
		{C2AF2E5E-19C0-4E58-9803-4DF2083F4080}.Release|Any CPU.Build.0 = Release|Any CPU
		{BCD1CE73-EC2F-49D6-AC82-2515609D5865}.Debug|Any CPU.ActiveCfg = Debug|Any CPU
		{BCD1CE73-EC2F-49D6-AC82-2515609D5865}.Debug|Any CPU.Build.0 = Debug|Any CPU
		{BCD1CE73-EC2F-49D6-AC82-2515609D5865}.Release|Any CPU.ActiveCfg = Release|Any CPU
		{BCD1CE73-EC2F-49D6-AC82-2515609D5865}.Release|Any CPU.Build.0 = Release|Any CPU
		{813B47A7-E6B6-4C89-B488-6E8E9A33A564}.Debug|Any CPU.ActiveCfg = Debug|Any CPU
		{813B47A7-E6B6-4C89-B488-6E8E9A33A564}.Debug|Any CPU.Build.0 = Debug|Any CPU
		{813B47A7-E6B6-4C89-B488-6E8E9A33A564}.Release|Any CPU.ActiveCfg = Release|Any CPU
		{813B47A7-E6B6-4C89-B488-6E8E9A33A564}.Release|Any CPU.Build.0 = Release|Any CPU
		{3D2AA667-01C8-4636-AB1E-EAA78CD7C4CF}.Debug|Any CPU.ActiveCfg = Debug|Any CPU
		{3D2AA667-01C8-4636-AB1E-EAA78CD7C4CF}.Debug|Any CPU.Build.0 = Debug|Any CPU
		{3D2AA667-01C8-4636-AB1E-EAA78CD7C4CF}.Release|Any CPU.ActiveCfg = Release|Any CPU
		{3D2AA667-01C8-4636-AB1E-EAA78CD7C4CF}.Release|Any CPU.Build.0 = Release|Any CPU
		{86D7CD63-CA4A-4C5A-8834-7D9FA315A1EB}.Debug|Any CPU.ActiveCfg = Debug|Any CPU
		{86D7CD63-CA4A-4C5A-8834-7D9FA315A1EB}.Debug|Any CPU.Build.0 = Debug|Any CPU
		{86D7CD63-CA4A-4C5A-8834-7D9FA315A1EB}.Release|Any CPU.ActiveCfg = Release|Any CPU
		{86D7CD63-CA4A-4C5A-8834-7D9FA315A1EB}.Release|Any CPU.Build.0 = Release|Any CPU
	EndGlobalSection
	GlobalSection(SolutionProperties) = preSolution
		HideSolutionNode = FALSE
	EndGlobalSection
	GlobalSection(NestedProjects) = preSolution
		{F533FFA5-7802-4CD2-9D90-B13C6E304FFA} = {8F0B2671-2F85-4DE5-A451-915A2666D429}
		{A6BF7E0C-4BAB-4D4D-8B9D-3B1273FE89B3} = {8128709D-6CD3-4B1D-B32F-EA0631DED46E}
		{BF83F35C-3BDE-43F5-8B47-0069D24E84E3} = {CD229DFC-69E0-4023-82EF-464767ED2EDF}
		{48A5EC91-EE18-4CCB-9AA5-F6587A3A7482} = {CD229DFC-69E0-4023-82EF-464767ED2EDF}
		{F36EB9E3-78F8-4703-B3BA-3882004E1A38} = {8F0B2671-2F85-4DE5-A451-915A2666D429}
		{C4A5F4AC-3A1B-4140-ABB7-F7E5E38724BE} = {8128709D-6CD3-4B1D-B32F-EA0631DED46E}
		{C2AF2E5E-19C0-4E58-9803-4DF2083F4080} = {CD229DFC-69E0-4023-82EF-464767ED2EDF}
		{BCD1CE73-EC2F-49D6-AC82-2515609D5865} = {CD229DFC-69E0-4023-82EF-464767ED2EDF}
		{813B47A7-E6B6-4C89-B488-6E8E9A33A564} = {FE87F61E-95D5-4172-86F1-510D5A63036C}
		{3D2AA667-01C8-4636-AB1E-EAA78CD7C4CF} = {FE87F61E-95D5-4172-86F1-510D5A63036C}
		{86D7CD63-CA4A-4C5A-8834-7D9FA315A1EB} = {FE87F61E-95D5-4172-86F1-510D5A63036C}
	EndGlobalSection
	GlobalSection(ExtensibilityGlobals) = postSolution
		SolutionGuid = {EB930BCA-24AB-4193-B984-09129602ADD8}
	EndGlobalSection
EndGlobal
