<Solution>
  <Folder Name="/src/">
    <Project Path="src/Mewoo.Abstractions/Mewoo.Abstractions.csproj" />
    <Project Path="src/Mewoo.App/Mewoo.App.csproj" />
    <Project Path="src/Mewoo.Core/Mewoo.Core.csproj" />
    <Project Path="src/Mewoo.Plugins.QuickLauncher/Mewoo.Plugins.QuickLauncher.csproj" />
    <Project Path="src/Mewoo.Workbench/Mewoo.Workbench.csproj" />
  </Folder>
</Solution>
