<Solution>
  <Folder Name="/samples/">
    <Project Path="samples/Mewoo.Samples.RuntimeSmokePlugin/Mewoo.Samples.RuntimeSmokePlugin.csproj" />
  </Folder>
  <Folder Name="/src/">
    <Project Path="src/Mewoo.Abstractions/Mewoo.Abstractions.csproj" />
    <Project Path="src/Mewoo.App/Mewoo.App.csproj" />
    <Project Path="src/Mewoo.Core/Mewoo.Core.csproj" />
    <Project Path="src/Mewoo.Plugins.PluginManager/Mewoo.Plugins.PluginManager.csproj" />
    <Project Path="src/Mewoo.Plugins.QuickLauncher/Mewoo.Plugins.QuickLauncher.csproj" />
    <Project Path="src/Mewoo.Plugins.RuntimeDiagnostics/Mewoo.Plugins.RuntimeDiagnostics.csproj" />
    <Project Path="src/Mewoo.Plugins.Settings/Mewoo.Plugins.Settings.csproj" />
    <Project Path="src/Mewoo.Workbench/Mewoo.Workbench.csproj" />
  </Folder>
  <Folder Name="/tests/">
    <Project Path="tests/Mewoo.Core.Tests/Mewoo.Core.Tests.csproj" />
    <Project Path="tests/Mewoo.TestPlugins.OutOfProcessProbeHost/Mewoo.TestPlugins.OutOfProcessProbeHost.csproj" />
    <Project Path="tests/Mewoo.TestPlugins.ValidRuntimePlugin/Mewoo.TestPlugins.ValidRuntimePlugin.csproj" />
  </Folder>
  <Folder Name="/tools/">
    <Project Path="tools/Mewoo.PluginPackager/Mewoo.PluginPackager.csproj" />
  </Folder>
</Solution>
