<Solution>
  <Folder Name="/src/">
    <Project Path="src/Mew.Host/Mew.Host.csproj" />
    <Project Path="src/Mew.PluginHost/Mew.PluginHost.csproj" />
    <Project Path="src/Mew.Launcher/Mew.Launcher.csproj" />
    <Project Path="src/Mew.Workbench/Mew.Workbench.csproj" />
  </Folder>
  <Folder Name="/tests/">
    <Project Path="tests/Mew.Host.Tests/Mew.Host.Tests.csproj" />
    <Project Path="tests/Mew.Launcher.Tests/Mew.Launcher.Tests.csproj" />
  </Folder>
</Solution>
